
Microsoft Visual Studio Solution File, Format Version 12.00
# Visual Studio Version 17
VisualStudioVersion = 17.12.35527.113
MinimumVisualStudioVersion = 10.0.40219.1
Project("{2150E333-8FDC-42A3-9474-1A3956D46DE8}") = "SimpleTrader", "SimpleTrader", "{DBBC39FC-3A8F-421F-BA8A-8AD70EF19144}"
EndProject
Project("{2150E333-8FDC-42A3-9474-1A3956D46DE8}") = "YouTubeViewers", "YouTubeViewers", "{9F558B28-530F-48C1-A157-6A74E4C39616}"
EndProject
Project("{2150E333-8FDC-42A3-9474-1A3956D46DE8}") = "TempoPercentStudio", "TempoPercentStudio", "{02EA681E-C7D8-13C7-8484-4AC65E1B71E8}"
EndProject
Project("{2150E333-8FDC-42A3-9474-1A3956D46DE8}") = "MAUI", "MAUI", "{FC8DC565-7B7C-4B69-AE58-4B9743B7ED05}"
EndProject
Project("{2150E333-8FDC-42A3-9474-1A3956D46DE8}") = "WPF", "WPF", "{7CD848FA-6C00-4E99-9452-A546E074762A}"
EndProject
Project("{FAE04EC0-301F-11D3-BF4B-00C04F79EFBC}") = "TempoPercentStudio.MAUI", "MAUI\TempoPercentStudio.MAUI\TempoPercentStudio.MAUI.csproj", "{65F83F90-081F-20DC-AC3E-F9E0CD9D021D}"
EndProject
Project("{2150E333-8FDC-42A3-9474-1A3956D46DE8}") = "SimpleTrader.Domain", "SimpleTrader.Domain", "{6DF1BD4B-7144-40DD-9A83-C6D870BAEF78}"
EndProject
Project("{2150E333-8FDC-42A3-9474-1A3956D46DE8}") = "SimpleTrader.FinancialModelingPrep", "SimpleTrader.FinancialModelingPrep", "{9F54C4D5-069B-4E98-89F9-D6E1D4BBC959}"
EndProject
Project("{2150E333-8FDC-42A3-9474-1A3956D46DE8}") = "SimpleTrader.EntityFramework", "SimpleTrader.EntityFramework", "{E8E2B1E0-A714-490C-A45D-9435CBFFE548}"
EndProject
Project("{2150E333-8FDC-42A3-9474-1A3956D46DE8}") = "SimpleTrader.WPF", "SimpleTrader.WPF", "{0E0C273F-7F60-43EA-851D-0F166ECF01D0}"
EndProject
Project("{FAE04EC0-301F-11D3-BF4B-00C04F79EFBC}") = "SimpleTrader.Domain", "WPF\SimpleTrader\SimpleTrader.Domain\SimpleTrader.Domain.csproj", "{70433048-FDD2-5357-8CB3-EE6C95B594C6}"
EndProject
Project("{FAE04EC0-301F-11D3-BF4B-00C04F79EFBC}") = "SimpleTrader.EntityFramework", "WPF\SimpleTrader\SimpleTrader.EntityFramework\SimpleTrader.EntityFramework.csproj", "{75D355D3-739B-9CC5-8CC1-7216E7FC326C}"
EndProject
Project("{FAE04EC0-301F-11D3-BF4B-00C04F79EFBC}") = "SimpleTrader.FinancialModelingPrepAPI", "WPF\SimpleTrader\SimpleTrader.FinancialModelingPrep\SimpleTrader.FinancialModelingPrepAPI.csproj", "{DAB45FD1-C2AD-A83C-6D2A-4C3445FD8952}"
EndProject
Project("{FAE04EC0-301F-11D3-BF4B-00C04F79EFBC}") = "SimpleTrader.WPF", "WPF\SimpleTrader\SimpleTrader.WPF\SimpleTrader.WPF.csproj", "{63A16DA7-D05E-2136-68D5-96964DFEB31F}"
EndProject
Project("{2150E333-8FDC-42A3-9474-1A3956D46DE8}") = "YouTubeViewers.Domain", "YouTubeViewers.Domain", "{55FA96E8-65BC-43FF-9942-CA95DB269A3A}"
EndProject
Project("{2150E333-8FDC-42A3-9474-1A3956D46DE8}") = "YouTubeViewers.EntityFramework", "YouTubeViewers.EntityFramework", "{C3EDE62A-861B-49AF-951D-C06A0228F394}"
EndProject
Project("{2150E333-8FDC-42A3-9474-1A3956D46DE8}") = "YouTubeViewers.WPF", "YouTubeViewers.WPF", "{D8E1BE79-77B6-4001-8BF0-2A45C9C0DAC5}"
EndProject
Project("{FAE04EC0-301F-11D3-BF4B-00C04F79EFBC}") = "YouTubeViewers.Domain", "WPF\YouTubeViewers\YouTubeViewers.Domain\YouTubeViewers.Domain.csproj", "{005F802E-9ACC-896E-8DEB-D11267B1B1F2}"
EndProject
Project("{FAE04EC0-301F-11D3-BF4B-00C04F79EFBC}") = "YouTubeViewers.EntityFramework", "WPF\YouTubeViewers\YouTubeViewers.EntityFramework\YouTubeViewers.EntityFramework.csproj", "{B636A2CE-E95D-9A23-8554-7C435750725B}"
EndProject
Project("{FAE04EC0-301F-11D3-BF4B-00C04F79EFBC}") = "YouTubeViewers.WPF", "WPF\YouTubeViewers\YouTubeViewers.WPF\YouTubeViewers.WPF.csproj", "{7E5153A6-F687-E033-C228-682D84F29119}"
EndProject
Global
	GlobalSection(SolutionConfigurationPlatforms) = preSolution
		Debug|Any CPU = Debug|Any CPU
		Release|Any CPU = Release|Any CPU
	EndGlobalSection
	GlobalSection(ProjectConfigurationPlatforms) = postSolution
		{65F83F90-081F-20DC-AC3E-F9E0CD9D021D}.Debug|Any CPU.ActiveCfg = Debug|Any CPU
		{65F83F90-081F-20DC-AC3E-F9E0CD9D021D}.Debug|Any CPU.Build.0 = Debug|Any CPU
		{65F83F90-081F-20DC-AC3E-F9E0CD9D021D}.Debug|Any CPU.Deploy.0 = Debug|Any CPU
		{65F83F90-081F-20DC-AC3E-F9E0CD9D021D}.Release|Any CPU.ActiveCfg = Release|Any CPU
		{65F83F90-081F-20DC-AC3E-F9E0CD9D021D}.Release|Any CPU.Build.0 = Release|Any CPU
		{70433048-FDD2-5357-8CB3-EE6C95B594C6}.Debug|Any CPU.ActiveCfg = Debug|Any CPU
		{70433048-FDD2-5357-8CB3-EE6C95B594C6}.Debug|Any CPU.Build.0 = Debug|Any CPU
		{70433048-FDD2-5357-8CB3-EE6C95B594C6}.Release|Any CPU.ActiveCfg = Release|Any CPU
		{70433048-FDD2-5357-8CB3-EE6C95B594C6}.Release|Any CPU.Build.0 = Release|Any CPU
		{75D355D3-739B-9CC5-8CC1-7216E7FC326C}.Debug|Any CPU.ActiveCfg = Debug|Any CPU
		{75D355D3-739B-9CC5-8CC1-7216E7FC326C}.Debug|Any CPU.Build.0 = Debug|Any CPU
		{75D355D3-739B-9CC5-8CC1-7216E7FC326C}.Release|Any CPU.ActiveCfg = Release|Any CPU
		{75D355D3-739B-9CC5-8CC1-7216E7FC326C}.Release|Any CPU.Build.0 = Release|Any CPU
		{DAB45FD1-C2AD-A83C-6D2A-4C3445FD8952}.Debug|Any CPU.ActiveCfg = Debug|Any CPU
		{DAB45FD1-C2AD-A83C-6D2A-4C3445FD8952}.Debug|Any CPU.Build.0 = Debug|Any CPU
		{DAB45FD1-C2AD-A83C-6D2A-4C3445FD8952}.Release|Any CPU.ActiveCfg = Release|Any CPU
		{DAB45FD1-C2AD-A83C-6D2A-4C3445FD8952}.Release|Any CPU.Build.0 = Release|Any CPU
		{63A16DA7-D05E-2136-68D5-96964DFEB31F}.Debug|Any CPU.ActiveCfg = Debug|Any CPU
		{63A16DA7-D05E-2136-68D5-96964DFEB31F}.Debug|Any CPU.Build.0 = Debug|Any CPU
		{63A16DA7-D05E-2136-68D5-96964DFEB31F}.Release|Any CPU.ActiveCfg = Release|Any CPU
		{63A16DA7-D05E-2136-68D5-96964DFEB31F}.Release|Any CPU.Build.0 = Release|Any CPU
		{005F802E-9ACC-896E-8DEB-D11267B1B1F2}.Debug|Any CPU.ActiveCfg = Debug|Any CPU
		{005F802E-9ACC-896E-8DEB-D11267B1B1F2}.Debug|Any CPU.Build.0 = Debug|Any CPU
		{005F802E-9ACC-896E-8DEB-D11267B1B1F2}.Release|Any CPU.ActiveCfg = Release|Any CPU
		{005F802E-9ACC-896E-8DEB-D11267B1B1F2}.Release|Any CPU.Build.0 = Release|Any CPU
		{B636A2CE-E95D-9A23-8554-7C435750725B}.Debug|Any CPU.ActiveCfg = Debug|Any CPU
		{B636A2CE-E95D-9A23-8554-7C435750725B}.Debug|Any CPU.Build.0 = Debug|Any CPU
		{B636A2CE-E95D-9A23-8554-7C435750725B}.Release|Any CPU.ActiveCfg = Release|Any CPU
		{B636A2CE-E95D-9A23-8554-7C435750725B}.Release|Any CPU.Build.0 = Release|Any CPU
		{7E5153A6-F687-E033-C228-682D84F29119}.Debug|Any CPU.ActiveCfg = Debug|Any CPU
		{7E5153A6-F687-E033-C228-682D84F29119}.Debug|Any CPU.Build.0 = Debug|Any CPU
		{7E5153A6-F687-E033-C228-682D84F29119}.Release|Any CPU.ActiveCfg = Release|Any CPU
		{7E5153A6-F687-E033-C228-682D84F29119}.Release|Any CPU.Build.0 = Release|Any CPU
	EndGlobalSection
	GlobalSection(SolutionProperties) = preSolution
		HideSolutionNode = FALSE
	EndGlobalSection
	GlobalSection(NestedProjects) = preSolution
		{DBBC39FC-3A8F-421F-BA8A-8AD70EF19144} = {7CD848FA-6C00-4E99-9452-A546E074762A}
		{9F558B28-530F-48C1-A157-6A74E4C39616} = {7CD848FA-6C00-4E99-9452-A546E074762A}
		{02EA681E-C7D8-13C7-8484-4AC65E1B71E8} = {FC8DC565-7B7C-4B69-AE58-4B9743B7ED05}
		{65F83F90-081F-20DC-AC3E-F9E0CD9D021D} = {02EA681E-C7D8-13C7-8484-4AC65E1B71E8}
		{6DF1BD4B-7144-40DD-9A83-C6D870BAEF78} = {DBBC39FC-3A8F-421F-BA8A-8AD70EF19144}
		{9F54C4D5-069B-4E98-89F9-D6E1D4BBC959} = {DBBC39FC-3A8F-421F-BA8A-8AD70EF19144}
		{E8E2B1E0-A714-490C-A45D-9435CBFFE548} = {DBBC39FC-3A8F-421F-BA8A-8AD70EF19144}
		{0E0C273F-7F60-43EA-851D-0F166ECF01D0} = {DBBC39FC-3A8F-421F-BA8A-8AD70EF19144}
		{70433048-FDD2-5357-8CB3-EE6C95B594C6} = {6DF1BD4B-7144-40DD-9A83-C6D870BAEF78}
		{75D355D3-739B-9CC5-8CC1-7216E7FC326C} = {E8E2B1E0-A714-490C-A45D-9435CBFFE548}
		{DAB45FD1-C2AD-A83C-6D2A-4C3445FD8952} = {9F54C4D5-069B-4E98-89F9-D6E1D4BBC959}
		{63A16DA7-D05E-2136-68D5-96964DFEB31F} = {0E0C273F-7F60-43EA-851D-0F166ECF01D0}
		{55FA96E8-65BC-43FF-9942-CA95DB269A3A} = {9F558B28-530F-48C1-A157-6A74E4C39616}
		{C3EDE62A-861B-49AF-951D-C06A0228F394} = {9F558B28-530F-48C1-A157-6A74E4C39616}
		{D8E1BE79-77B6-4001-8BF0-2A45C9C0DAC5} = {9F558B28-530F-48C1-A157-6A74E4C39616}
		{005F802E-9ACC-896E-8DEB-D11267B1B1F2} = {55FA96E8-65BC-43FF-9942-CA95DB269A3A}
		{B636A2CE-E95D-9A23-8554-7C435750725B} = {C3EDE62A-861B-49AF-951D-C06A0228F394}
		{7E5153A6-F687-E033-C228-682D84F29119} = {D8E1BE79-77B6-4001-8BF0-2A45C9C0DAC5}
	EndGlobalSection
	GlobalSection(ExtensibilityGlobals) = postSolution
		SolutionGuid = {AFADC6B4-5A6A-4340-812F-8E17A5B408E8}
	EndGlobalSection
EndGlobal
