
Microsoft Visual Studio Solution File, Format Version 12.00
# Visual Studio Version 17
VisualStudioVersion = 17.12.35527.113
MinimumVisualStudioVersion = 10.0.40219.1
Project("{FAE04EC0-301F-11D3-BF4B-00C04F79EFBC}") = "SimpleTrader.Domain", "SimpleTrader.Domain\SimpleTrader.Domain.csproj", "{FF5162AD-8DDA-410D-A17C-3DE4E259A365}"
EndProject
Project("{2150E333-8FDC-42A3-9474-1A3956D46DE8}") = "SimpleTrader", "SimpleTrader", "{DBBC39FC-3A8F-421F-BA8A-8AD70EF19144}"
EndProject
Project("{FAE04EC0-301F-11D3-BF4B-00C04F79EFBC}") = "SimpleTrader.EntityFramework", "SimpleTrader.EntityFramework\SimpleTrader.EntityFramework.csproj", "{033BBAD1-3E96-4861-BC37-DF3F9C781E96}"
EndProject
Project("{FAE04EC0-301F-11D3-BF4B-00C04F79EFBC}") = "SimpleTrader.WPF", "SimpleTrader.WPF\SimpleTrader.WPF.csproj", "{94EA3CD8-F14E-4262-A19A-44F3B16E6125}"
EndProject
Project("{FAE04EC0-301F-11D3-BF4B-00C04F79EFBC}") = "SimpleTrader.FinancialModelingPrepAPI", "SimpleTrader.FinancialModelingPrep\SimpleTrader.FinancialModelingPrepAPI.csproj", "{2E3E8456-7D3C-459C-A385-A4E3AA19480E}"
EndProject
Project("{2150E333-8FDC-42A3-9474-1A3956D46DE8}") = "YouTubeViewers", "YouTubeViewers", "{9F558B28-530F-48C1-A157-6A74E4C39616}"
EndProject
Project("{FAE04EC0-301F-11D3-BF4B-00C04F79EFBC}") = "YouTubeViewers.WPF", "YouTubeViewers.WPF\YouTubeViewers.WPF.csproj", "{7C9882BB-2301-4CFD-9C0E-4255F9B7980B}"
EndProject
Project("{FAE04EC0-301F-11D3-BF4B-00C04F79EFBC}") = "YouTubeViewers.EntityFramework", "YouTubeViewers.EntityFramework\YouTubeViewers.EntityFramework.csproj", "{EF4F4C74-843E-44ED-BBD9-0DD55C93C579}"
EndProject
Project("{FAE04EC0-301F-11D3-BF4B-00C04F79EFBC}") = "YouTubeViewers.Domain", "YouTubeViewers.Domain\YouTubeViewers.Domain.csproj", "{A5961803-CAD8-4CB2-BBBE-72903622F303}"
EndProject
Project("{2150E333-8FDC-42A3-9474-1A3956D46DE8}") = "TempoPercentStudio", "TempoPercentStudio", "{02EA681E-C7D8-13C7-8484-4AC65E1B71E8}"
EndProject
Project("{FAE04EC0-301F-11D3-BF4B-00C04F79EFBC}") = "TempoPercentStudio.MAUI", "TempoPercentStudio.MAUI\TempoPercentStudio.MAUI.csproj", "{60DBB221-AE71-E34A-DA69-7511DADD4510}"
EndProject
Global
	GlobalSection(SolutionConfigurationPlatforms) = preSolution
		Debug|Any CPU = Debug|Any CPU
		Release|Any CPU = Release|Any CPU
	EndGlobalSection
	GlobalSection(ProjectConfigurationPlatforms) = postSolution
		{FF5162AD-8DDA-410D-A17C-3DE4E259A365}.Debug|Any CPU.ActiveCfg = Debug|Any CPU
		{FF5162AD-8DDA-410D-A17C-3DE4E259A365}.Debug|Any CPU.Build.0 = Debug|Any CPU
		{FF5162AD-8DDA-410D-A17C-3DE4E259A365}.Release|Any CPU.ActiveCfg = Release|Any CPU
		{FF5162AD-8DDA-410D-A17C-3DE4E259A365}.Release|Any CPU.Build.0 = Release|Any CPU
		{033BBAD1-3E96-4861-BC37-DF3F9C781E96}.Debug|Any CPU.ActiveCfg = Debug|Any CPU
		{033BBAD1-3E96-4861-BC37-DF3F9C781E96}.Debug|Any CPU.Build.0 = Debug|Any CPU
		{033BBAD1-3E96-4861-BC37-DF3F9C781E96}.Release|Any CPU.ActiveCfg = Release|Any CPU
		{033BBAD1-3E96-4861-BC37-DF3F9C781E96}.Release|Any CPU.Build.0 = Release|Any CPU
		{94EA3CD8-F14E-4262-A19A-44F3B16E6125}.Debug|Any CPU.ActiveCfg = Debug|Any CPU
		{94EA3CD8-F14E-4262-A19A-44F3B16E6125}.Debug|Any CPU.Build.0 = Debug|Any CPU
		{94EA3CD8-F14E-4262-A19A-44F3B16E6125}.Release|Any CPU.ActiveCfg = Release|Any CPU
		{94EA3CD8-F14E-4262-A19A-44F3B16E6125}.Release|Any CPU.Build.0 = Release|Any CPU
		{2E3E8456-7D3C-459C-A385-A4E3AA19480E}.Debug|Any CPU.ActiveCfg = Debug|Any CPU
		{2E3E8456-7D3C-459C-A385-A4E3AA19480E}.Debug|Any CPU.Build.0 = Debug|Any CPU
		{2E3E8456-7D3C-459C-A385-A4E3AA19480E}.Release|Any CPU.ActiveCfg = Release|Any CPU
		{2E3E8456-7D3C-459C-A385-A4E3AA19480E}.Release|Any CPU.Build.0 = Release|Any CPU
		{7C9882BB-2301-4CFD-9C0E-4255F9B7980B}.Debug|Any CPU.ActiveCfg = Debug|Any CPU
		{7C9882BB-2301-4CFD-9C0E-4255F9B7980B}.Debug|Any CPU.Build.0 = Debug|Any CPU
		{7C9882BB-2301-4CFD-9C0E-4255F9B7980B}.Release|Any CPU.ActiveCfg = Release|Any CPU
		{7C9882BB-2301-4CFD-9C0E-4255F9B7980B}.Release|Any CPU.Build.0 = Release|Any CPU
		{EF4F4C74-843E-44ED-BBD9-0DD55C93C579}.Debug|Any CPU.ActiveCfg = Debug|Any CPU
		{EF4F4C74-843E-44ED-BBD9-0DD55C93C579}.Debug|Any CPU.Build.0 = Debug|Any CPU
		{EF4F4C74-843E-44ED-BBD9-0DD55C93C579}.Release|Any CPU.ActiveCfg = Release|Any CPU
		{EF4F4C74-843E-44ED-BBD9-0DD55C93C579}.Release|Any CPU.Build.0 = Release|Any CPU
		{A5961803-CAD8-4CB2-BBBE-72903622F303}.Debug|Any CPU.ActiveCfg = Debug|Any CPU
		{A5961803-CAD8-4CB2-BBBE-72903622F303}.Debug|Any CPU.Build.0 = Debug|Any CPU
		{A5961803-CAD8-4CB2-BBBE-72903622F303}.Release|Any CPU.ActiveCfg = Release|Any CPU
		{A5961803-CAD8-4CB2-BBBE-72903622F303}.Release|Any CPU.Build.0 = Release|Any CPU
		{60DBB221-AE71-E34A-DA69-7511DADD4510}.Debug|Any CPU.ActiveCfg = Debug|Any CPU
		{60DBB221-AE71-E34A-DA69-7511DADD4510}.Debug|Any CPU.Build.0 = Debug|Any CPU
		{60DBB221-AE71-E34A-DA69-7511DADD4510}.Release|Any CPU.ActiveCfg = Release|Any CPU
		{60DBB221-AE71-E34A-DA69-7511DADD4510}.Release|Any CPU.Build.0 = Release|Any CPU
	EndGlobalSection
	GlobalSection(SolutionProperties) = preSolution
		HideSolutionNode = FALSE
	EndGlobalSection
	GlobalSection(NestedProjects) = preSolution
		{FF5162AD-8DDA-410D-A17C-3DE4E259A365} = {DBBC39FC-3A8F-421F-BA8A-8AD70EF19144}
		{033BBAD1-3E96-4861-BC37-DF3F9C781E96} = {DBBC39FC-3A8F-421F-BA8A-8AD70EF19144}
		{94EA3CD8-F14E-4262-A19A-44F3B16E6125} = {DBBC39FC-3A8F-421F-BA8A-8AD70EF19144}
		{2E3E8456-7D3C-459C-A385-A4E3AA19480E} = {DBBC39FC-3A8F-421F-BA8A-8AD70EF19144}
		{7C9882BB-2301-4CFD-9C0E-4255F9B7980B} = {9F558B28-530F-48C1-A157-6A74E4C39616}
		{EF4F4C74-843E-44ED-BBD9-0DD55C93C579} = {9F558B28-530F-48C1-A157-6A74E4C39616}
		{A5961803-CAD8-4CB2-BBBE-72903622F303} = {9F558B28-530F-48C1-A157-6A74E4C39616}
		{60DBB221-AE71-E34A-DA69-7511DADD4510} = {02EA681E-C7D8-13C7-8484-4AC65E1B71E8}
	EndGlobalSection
	GlobalSection(ExtensibilityGlobals) = postSolution
		SolutionGuid = {AFADC6B4-5A6A-4340-812F-8E17A5B408E8}
	EndGlobalSection
EndGlobal
